dependencies:
  espressif/esp-dsp:
    component_hash: c1832a2020342144d0de7940f73184584f182b3e9aa53180ee86c84ce7ff14dc
    dependencies:
    - name: idf
      require: private
      version: '>=4.2'
    source:
      registry_url: https://components.espressif.com/
      type: service
    version: 1.8.1
  idf:
    source:
      type: idf
    version: 5.5.4
direct_dependencies:
- espressif/esp-dsp
- idf
manifest_hash: 71084daf1aec93ddc31a1de77a1078b08c71e36d780a008f5de1e1c8f7f2c186
target: esp32s3
version: 2.0.0
